PODS:
  - Flutter (1.0.0)
  - flutter_keyboard_visibility (0.7.0):
    - Flutter
  - fluttertoast (0.0.2):
    - Flutter
  - FMDB (2.7.5):
    - FMDB/standard (= 2.7.5)
  - FMDB/standard (2.7.5)
  - launch_review (0.0.1):
    - Flutter
  - path_provider (0.0.1):
    - Flutter
  - screen (0.0.1):
    - Flutter
  - share (0.5.2):
    - Flutter
  - shared_preferences (0.0.1):
    - Flutter
  - sqflite (0.0.1):
    - Flutter
    - FMDB (~> 2.7.2)
  - url_launcher (0.0.1):
    - Flutter
  - webview_flutter (0.0.1):
    - Flutter

DEPENDENCIES:
  - Flutter (from `Flutter`)
  - flutter_keyboard_visibility (from `.symlinks/plugins/flutter_keyboard_visibility/ios`)
  - fluttertoast (from `.symlinks/plugins/fluttertoast/ios`)
  - launch_review (from `.symlinks/plugins/launch_review/ios`)
  - path_provider (from `.symlinks/plugins/path_provider/ios`)
  - screen (from `.symlinks/plugins/screen/ios`)
  - share (from `.symlinks/plugins/share/ios`)
  - shared_preferences (from `.symlinks/plugins/shared_preferences/ios`)
  - sqflite (from `.symlinks/plugins/sqflite/ios`)
  - url_launcher (from `.symlinks/plugins/url_launcher/ios`)
  - webview_flutter (from `.symlinks/plugins/webview_flutter/ios`)

SPEC REPOS:
  trunk:
    - FMDB

EXTERNAL SOURCES:
  Flutter:
    :path: Flutter
  flutter_keyboard_visibility:
    :path: ".symlinks/plugins/flutter_keyboard_visibility/ios"
  fluttertoast:
    :path: ".symlinks/plugins/fluttertoast/ios"
  launch_review:
    :path: ".symlinks/plugins/launch_review/ios"
  path_provider:
    :path: ".symlinks/plugins/path_provider/ios"
  screen:
    :path: ".symlinks/plugins/screen/ios"
  share:
    :path: ".symlinks/plugins/share/ios"
  shared_preferences:
    :path: ".symlinks/plugins/shared_preferences/ios"
  sqflite:
    :path: ".symlinks/plugins/sqflite/ios"
  url_launcher:
    :path: ".symlinks/plugins/url_launcher/ios"
  webview_flutter:
    :path: ".symlinks/plugins/webview_flutter/ios"

SPEC CHECKSUMS:
  Flutter: 0e3d915762c693b495b44d77113d4970485de6ec
  flutter_keyboard_visibility: 6195387fb6d8f46e5cd6dda4a4154e41f800f545
  fluttertoast: b644586ef3b16f67fae9a1f8754cef6b2d6b634b
  FMDB: 2ce00b547f966261cd18927a3ddb07cb6f3db82a
  launch_review: 75d5a956ba8eaa493e9c9d4bf4c05e505e8d5ed0
  path_provider: fb74bd0465e96b594bb3b5088ee4a4e7bb1f2a9d
  screen: abd91ca7bf3426e1cc3646d27e9b2358d6bf07b0
  share: bae0a282aab4483288913fc4dc0b935d4b491f2e
  shared_preferences: 430726339841afefe5142b9c1f50cb6bd7793e01
  sqflite: 4001a31ff81d210346b500c55b17f4d6c7589dd0
  url_launcher: a1c0cc845906122c4784c542523d8cacbded5626
  webview_flutter: bec7599de6bfbe8008a739aa3ebd7b364ea9d0cd

PODFILE CHECKSUM: 8e679eca47255a8ca8067c4c67aab20e64cb974d

COCOAPODS: 1.10.0
